// !$*UTF8*$!
{
	archiveVersion = 1;
	classes = {
	};
	objectVersion = 50;
	objects = {

/* Begin PBXBuildFile section */
		69B499DD264ADE5300CB8094 /* main.cpp in Sources */ = {isa = PBXBuildFile; fileRef = 69B499DC264ADE5300CB8094 /* main.cpp */; };
/* End PBXBuildFile section */

/* Begin PBXCopyFilesBuildPhase section */
		6950CD712648F9CB004A5213 /* CopyFiles */ = {
			isa = PBXCopyFilesBuildPhase;
			buildActionMask = 2147483647;
			dstPath = /usr/share/man/man1/;
			dstSubfolderSpec = 0;
			files = (
			);
			runOnlyForDeploymentPostprocessing = 1;
		};
/* End PBXCopyFilesBuildPhase section */

/* Begin PBXFileReference section */
		6950CD732648F9CB004A5213 /* RayTracingInOneWeekend */ = {isa = PBXFileReference; explicitFileType = "compiled.mach-o.executable"; includeInIndex = 0; path = RayTracingInOneWeekend; sourceTree = BUILT_PRODUCTS_DIR; };
		6950CD762648F9CB004A5213 /* rayTracingInOneWeekend.cpp */ = {isa = PBXFileReference; lastKnownFileType = sourcecode.cpp.cpp; path = rayTracingInOneWeekend.cpp; sourceTree = "<group>"; };
		6950CD7E2648FD72004A5213 /* vec3.h */ = {isa = PBXFileReference; lastKnownFileType = sourcecode.c.h; path = vec3.h; sourceTree = "<group>"; };
		6950CD8026490240004A5213 /* color.h */ = {isa = PBXFileReference; lastKnownFileType = sourcecode.c.h; path = color.h; sourceTree = "<group>"; };
		6950CD8126490DE1004A5213 /* ray.h */ = {isa = PBXFileReference; lastKnownFileType = sourcecode.c.h; path = ray.h; sourceTree = "<group>"; };
		6950CD8226498296004A5213 /* hittable.h */ = {isa = PBXFileReference; lastKnownFileType = sourcecode.c.h; path = hittable.h; sourceTree = "<group>"; };
		6950CD8326498326004A5213 /* sphere.h */ = {isa = PBXFileReference; lastKnownFileType = sourcecode.c.h; path = sphere.h; sourceTree = "<group>"; };
		6950CD86264987AC004A5213 /* hittable_list.h */ = {isa = PBXFileReference; lastKnownFileType = sourcecode.c.h; path = hittable_list.h; sourceTree = "<group>"; };
		6950CD8726498D65004A5213 /* Utility.h */ = {isa = PBXFileReference; lastKnownFileType = sourcecode.c.h; path = Utility.h; sourceTree = "<group>"; };
		6950CD882649921A004A5213 /* camera.h */ = {isa = PBXFileReference; lastKnownFileType = sourcecode.c.h; path = camera.h; sourceTree = "<group>"; };
		6950CD89264A27ED004A5213 /* material.h */ = {isa = PBXFileReference; lastKnownFileType = sourcecode.c.h; path = material.h; sourceTree = "<group>"; };
		69B499DB264AD7AE00CB8094 /* moving_sphere.h */ = {isa = PBXFileReference; lastKnownFileType = sourcecode.c.h; path = moving_sphere.h; sourceTree = "<group>"; };
		69B499DC264ADE5300CB8094 /* main.cpp */ = {isa = PBXFileReference; lastKnownFileType = sourcecode.cpp.cpp; path = main.cpp; sourceTree = "<group>"; };
		69B499DE264B6BBC00CB8094 /* AABB.h */ = {isa = PBXFileReference; lastKnownFileType = sourcecode.c.h; path = AABB.h; sourceTree = "<group>"; };
		69B499DF264BA35700CB8094 /* bvh.h */ = {isa = PBXFileReference; lastKnownFileType = sourcecode.c.h; path = bvh.h; sourceTree = "<group>"; };
		69B499E1264BCD2100CB8094 /* texture.h */ = {isa = PBXFileReference; lastKnownFileType = sourcecode.c.h; path = texture.h; sourceTree = "<group>"; };
		69B499E2264BF20900CB8094 /* perlin.h */ = {isa = PBXFileReference; lastKnownFileType = sourcecode.c.h; path = perlin.h; sourceTree = "<group>"; };
		69B499E3264CD10800CB8094 /* use_stb_image.h */ = {isa = PBXFileReference; lastKnownFileType = sourcecode.c.h; path = use_stb_image.h; sourceTree = "<group>"; };
		69B499E5264CD26800CB8094 /* stb_image.h */ = {isa = PBXFileReference; lastKnownFileType = sourcecode.c.h; path = stb_image.h; sourceTree = "<group>"; };
		69B499E7264CEDE900CB8094 /* axisAlignedRect.h */ = {isa = PBXFileReference; lastKnownFileType = sourcecode.c.h; path = axisAlignedRect.h; sourceTree = "<group>"; };
		69B499E8264D152000CB8094 /* box.h */ = {isa = PBXFileReference; lastKnownFileType = sourcecode.c.h; path = box.h; sourceTree = "<group>"; };
		69B499E9264EB01700CB8094 /* constant_medium.h */ = {isa = PBXFileReference; lastKnownFileType = sourcecode.c.h; path = constant_medium.h; sourceTree = "<group>"; };
/* End PBXFileReference section */

/* Begin PBXFrameworksBuildPhase section */
		6950CD702648F9CB004A5213 /* Frameworks */ = {
			isa = PBXFrameworksBuildPhase;
			buildActionMask = 2147483647;
			files = (
			);
			runOnlyForDeploymentPostprocessing = 0;
		};
/* End PBXFrameworksBuildPhase section */

/* Begin PBXGroup section */
		6950CD6A2648F9CB004A5213 = {
			isa = PBXGroup;
			children = (
				6950CD752648F9CB004A5213 /* RayTracingInOneWeekend */,
				6950CD742648F9CB004A5213 /* Products */,
			);
			sourceTree = "<group>";
		};
		6950CD742648F9CB004A5213 /* Products */ = {
			isa = PBXGroup;
			children = (
				6950CD732648F9CB004A5213 /* RayTracingInOneWeekend */,
			);
			name = Products;
			sourceTree = "<group>";
		};
		6950CD752648F9CB004A5213 /* RayTracingInOneWeekend */ = {
			isa = PBXGroup;
			children = (
				69B499E4264CD1A200CB8094 /* external */,
				6950CD762648F9CB004A5213 /* rayTracingInOneWeekend.cpp */,
				6950CD7E2648FD72004A5213 /* vec3.h */,
				6950CD8026490240004A5213 /* color.h */,
				6950CD8126490DE1004A5213 /* ray.h */,
				6950CD8226498296004A5213 /* hittable.h */,
				6950CD8326498326004A5213 /* sphere.h */,
				6950CD86264987AC004A5213 /* hittable_list.h */,
				6950CD8726498D65004A5213 /* Utility.h */,
				6950CD882649921A004A5213 /* camera.h */,
				6950CD89264A27ED004A5213 /* material.h */,
				69B499DB264AD7AE00CB8094 /* moving_sphere.h */,
				69B499DC264ADE5300CB8094 /* main.cpp */,
				69B499DE264B6BBC00CB8094 /* AABB.h */,
				69B499DF264BA35700CB8094 /* bvh.h */,
				69B499E1264BCD2100CB8094 /* texture.h */,
				69B499E2264BF20900CB8094 /* perlin.h */,
				69B499E3264CD10800CB8094 /* use_stb_image.h */,
				69B499E7264CEDE900CB8094 /* axisAlignedRect.h */,
				69B499E8264D152000CB8094 /* box.h */,
				69B499E9264EB01700CB8094 /* constant_medium.h */,
			);
			path = RayTracingInOneWeekend;
			sourceTree = "<group>";
		};
		69B499E4264CD1A200CB8094 /* external */ = {
			isa = PBXGroup;
			children = (
				69B499E5264CD26800CB8094 /* stb_image.h */,
			);
			path = external;
			sourceTree = "<group>";
		};
/* End PBXGroup section */

/* Begin PBXNativeTarget section */
		6950CD722648F9CB004A5213 /* RayTracingInOneWeekend */ = {
			isa = PBXNativeTarget;
			buildConfigurationList = 6950CD7A2648F9CB004A5213 /* Build configuration list for PBXNativeTarget "RayTracingInOneWeekend" */;
			buildPhases = (
				6950CD6F2648F9CB004A5213 /* Sources */,
				6950CD702648F9CB004A5213 /* Frameworks */,
				6950CD712648F9CB004A5213 /* CopyFiles */,
			);
			buildRules = (
			);
			dependencies = (
			);
			name = RayTracingInOneWeekend;
			productName = RayTracingInOneWeekend;
			productReference = 6950CD732648F9CB004A5213 /* RayTracingInOneWeekend */;
			productType = "com.apple.product-type.tool";
		};
/* End PBXNativeTarget section */

/* Begin PBXProject section */
		6950CD6B2648F9CB004A5213 /* Project object */ = {
			isa = PBXProject;
			attributes = {
				LastUpgradeCheck = 1250;
				TargetAttributes = {
					6950CD722648F9CB004A5213 = {
						CreatedOnToolsVersion = 12.5;
					};
				};
			};
			buildConfigurationList = 6950CD6E2648F9CB004A5213 /* Build configuration list for PBXProject "RayTracingInOneWeekend" */;
			compatibilityVersion = "Xcode 9.3";
			developmentRegion = en;
			hasScannedForEncodings = 0;
			knownRegions = (
				en,
				Base,
			);
			mainGroup = 6950CD6A2648F9CB004A5213;
			productRefGroup = 6950CD742648F9CB004A5213 /* Products */;
			projectDirPath = "";
			projectRoot = "";
			targets = (
				6950CD722648F9CB004A5213 /* RayTracingInOneWeekend */,
			);
		};
/* End PBXProject section */

/* Begin PBXSourcesBuildPhase section */
		6950CD6F2648F9CB004A5213 /* Sources */ = {
			isa = PBXSourcesBuildPhase;
			buildActionMask = 2147483647;
			files = (
				69B499DD264ADE5300CB8094 /* main.cpp in Sources */,
			);
			runOnlyForDeploymentPostprocessing = 0;
		};
/* End PBXSourcesBuildPhase section */

/* Begin XCBuildConfiguration section */
		6950CD782648F9CB004A5213 /* Debug */ = {
			isa = XCBuildConfiguration;
			buildSettings = {
				ALWAYS_SEARCH_USER_PATHS = NO;
				CLANG_ANALYZER_NONNULL = YES;
				CLANG_ANALYZER_NUMBER_OBJECT_CONVERSION = YES_AGGRESSIVE;
				CLANG_CXX_LANGUAGE_STANDARD = "gnu++14";
				CLANG_CXX_LIBRARY = "libc++";
				CLANG_ENABLE_MODULES = YES;
				CLANG_ENABLE_OBJC_ARC = YES;
				CLANG_ENABLE_OBJC_WEAK = YES;
				CLANG_WARN_BLOCK_CAPTURE_AUTORELEASING = YES;
				CLANG_WARN_BOOL_CONVERSION = YES;
				CLANG_WARN_COMMA = YES;
				CLANG_WARN_CONSTANT_CONVERSION = YES;
				CLANG_WARN_DEPRECATED_OBJC_IMPLEMENTATIONS = YES;
				CLANG_WARN_DIRECT_OBJC_ISA_USAGE = YES_ERROR;
				CLANG_WARN_DOCUMENTATION_COMMENTS = YES;
				CLANG_WARN_EMPTY_BODY = YES;
				CLANG_WARN_ENUM_CONVERSION = YES;
				CLANG_WARN_INFINITE_RECURSION = YES;
				CLANG_WARN_INT_CONVERSION = YES;
				CLANG_WARN_NON_LITERAL_NULL_CONVERSION = YES;
				CLANG_WARN_OBJC_IMPLICIT_RETAIN_SELF = YES;
				CLANG_WARN_OBJC_LITERAL_CONVERSION = YES;
				CLANG_WARN_OBJC_ROOT_CLASS = YES_ERROR;
				CLANG_WARN_QUOTED_INCLUDE_IN_FRAMEWORK_HEADER = YES;
				CLANG_WARN_RANGE_LOOP_ANALYSIS = YES;
				CLANG_WARN_STRICT_PROTOTYPES = YES;
				CLANG_WARN_SUSPICIOUS_MOVE = YES;
				CLANG_WARN_UNGUARDED_AVAILABILITY = YES_AGGRESSIVE;
				CLANG_WARN_UNREACHABLE_CODE = YES;
				CLANG_WARN__DUPLICATE_METHOD_MATCH = YES;
				COPY_PHASE_STRIP = NO;
				DEBUG_INFORMATION_FORMAT = dwarf;
				ENABLE_STRICT_OBJC_MSGSEND = YES;
				ENABLE_TESTABILITY = YES;
				GCC_C_LANGUAGE_STANDARD = gnu11;
				GCC_DYNAMIC_NO_PIC = NO;
				GCC_NO_COMMON_BLOCKS = YES;
				GCC_OPTIMIZATION_LEVEL = 0;
				GCC_PREPROCESSOR_DEFINITIONS = (
					"DEBUG=1",
					"$(inherited)",
				);
				GCC_WARN_64_TO_32_BIT_CONVERSION = YES;
				GCC_WARN_ABOUT_RETURN_TYPE = YES_ERROR;
				GCC_WARN_UNDECLARED_SELECTOR = YES;
				GCC_WARN_UNINITIALIZED_AUTOS = YES_AGGRESSIVE;
				GCC_WARN_UNUSED_FUNCTION = YES;
				GCC_WARN_UNUSED_VARIABLE = YES;
				MACOSX_DEPLOYMENT_TARGET = 11.2;
				MTL_ENABLE_DEBUG_INFO = INCLUDE_SOURCE;
				MTL_FAST_MATH = YES;
				ONLY_ACTIVE_ARCH = NO;
				SDKROOT = macosx;
			};
			name = Debug;
		};
		6950CD792648F9CB004A5213 /* Release */ = {
			isa = XCBuildConfiguration;
			buildSettings = {
				ALWAYS_SEARCH_USER_PATHS = NO;
				CLANG_ANALYZER_NONNULL = YES;
				CLANG_ANALYZER_NUMBER_OBJECT_CONVERSION = YES_AGGRESSIVE;
				CLANG_CXX_LANGUAGE_STANDARD = "gnu++14";
				CLANG_CXX_LIBRARY = "libc++";
				CLANG_ENABLE_MODULES = YES;
				CLANG_ENABLE_OBJC_ARC = YES;
				CLANG_ENABLE_OBJC_WEAK = YES;
				CLANG_WARN_BLOCK_CAPTURE_AUTORELEASING = YES;
				CLANG_WARN_BOOL_CONVERSION = YES;
				CLANG_WARN_COMMA = YES;
				CLANG_WARN_CONSTANT_CONVERSION = YES;
				CLANG_WARN_DEPRECATED_OBJC_IMPLEMENTATIONS = YES;
				CLANG_WARN_DIRECT_OBJC_ISA_USAGE = YES_ERROR;
				CLANG_WARN_DOCUMENTATION_COMMENTS = YES;
				CLANG_WARN_EMPTY_BODY = YES;
				CLANG_WARN_ENUM_CONVERSION = YES;
				CLANG_WARN_INFINITE_RECURSION = YES;
				CLANG_WARN_INT_CONVERSION = YES;
				CLANG_WARN_NON_LITERAL_NULL_CONVERSION = YES;
				CLANG_WARN_OBJC_IMPLICIT_RETAIN_SELF = YES;
				CLANG_WARN_OBJC_LITERAL_CONVERSION = YES;
				CLANG_WARN_OBJC_ROOT_CLASS = YES_ERROR;
				CLANG_WARN_QUOTED_INCLUDE_IN_FRAMEWORK_HEADER = YES;
				CLANG_WARN_RANGE_LOOP_ANALYSIS = YES;
				CLANG_WARN_STRICT_PROTOTYPES = YES;
				CLANG_WARN_SUSPICIOUS_MOVE = YES;
				CLANG_WARN_UNGUARDED_AVAILABILITY = YES_AGGRESSIVE;
				CLANG_WARN_UNREACHABLE_CODE = YES;
				CLANG_WARN__DUPLICATE_METHOD_MATCH = YES;
				COPY_PHASE_STRIP = NO;
				DEBUG_INFORMATION_FORMAT = "dwarf-with-dsym";
				ENABLE_NS_ASSERTIONS = NO;
				ENABLE_STRICT_OBJC_MSGSEND = YES;
				GCC_C_LANGUAGE_STANDARD = gnu11;
				GCC_NO_COMMON_BLOCKS = YES;
				GCC_WARN_64_TO_32_BIT_CONVERSION = YES;
				GCC_WARN_ABOUT_RETURN_TYPE = YES_ERROR;
				GCC_WARN_UNDECLARED_SELECTOR = YES;
				GCC_WARN_UNINITIALIZED_AUTOS = YES_AGGRESSIVE;
				GCC_WARN_UNUSED_FUNCTION = YES;
				GCC_WARN_UNUSED_VARIABLE = YES;
				MACOSX_DEPLOYMENT_TARGET = 11.2;
				MTL_ENABLE_DEBUG_INFO = NO;
				MTL_FAST_MATH = YES;
				ONLY_ACTIVE_ARCH = YES;
				SDKROOT = macosx;
			};
			name = Release;
		};
		6950CD7B2648F9CB004A5213 /* Debug */ = {
			isa = XCBuildConfiguration;
			buildSettings = {
				CODE_SIGN_STYLE = Automatic;
				DEVELOPMENT_TEAM = ND35ST6LXZ;
				ENABLE_HARDENED_RUNTIME = YES;
				PRODUCT_NAME = "$(TARGET_NAME)";
			};
			name = Debug;
		};
		6950CD7C2648F9CB004A5213 /* Release */ = {
			isa = XCBuildConfiguration;
			buildSettings = {
				CODE_SIGN_STYLE = Automatic;
				DEVELOPMENT_TEAM = ND35ST6LXZ;
				ENABLE_HARDENED_RUNTIME = YES;
				PRODUCT_NAME = "$(TARGET_NAME)";
			};
			name = Release;
		};
/* End XCBuildConfiguration section */

/* Begin XCConfigurationList section */
		6950CD6E2648F9CB004A5213 /* Build configuration list for PBXProject "RayTracingInOneWeekend" */ = {
			isa = XCConfigurationList;
			buildConfigurations = (
				6950CD782648F9CB004A5213 /* Debug */,
				6950CD792648F9CB004A5213 /* Release */,
			);
			defaultConfigurationIsVisible = 0;
			defaultConfigurationName = Release;
		};
		6950CD7A2648F9CB004A5213 /* Build configuration list for PBXNativeTarget "RayTracingInOneWeekend" */ = {
			isa = XCConfigurationList;
			buildConfigurations = (
				6950CD7B2648F9CB004A5213 /* Debug */,
				6950CD7C2648F9CB004A5213 /* Release */,
			);
			defaultConfigurationIsVisible = 0;
			defaultConfigurationName = Release;
		};
/* End XCConfigurationList section */
	};
	rootObject = 6950CD6B2648F9CB004A5213 /* Project object */;
}
